
Microsoft Visual Studio Solution File, Format Version 12.00
# Visual Studio Version 17
VisualStudioVersion = 17.0.32014.148
MinimumVisualStudioVersion = 10.0.40219.1
Project("{9A19103F-16F7-4668-BE54-9A1E7A4F7556}") = "Application", "AI1\Application.csproj", "{56BB0790-3946-48AD-BD4B-011398D18B7B}"
EndProject
Project("{9A19103F-16F7-4668-BE54-9A1E7A4F7556}") = "AI", "AI\AI.csproj", "{B6548EE7-2F89-4F7F-95A5-1618E5B6019E}"
EndProject
Global
	GlobalSection(SolutionConfigurationPlatforms) = preSolution
		Debug|Any CPU = Debug|Any CPU
		Release|Any CPU = Release|Any CPU
	EndGlobalSection
	GlobalSection(ProjectConfigurationPlatforms) = postSolution
		{56BB0790-3946-48AD-BD4B-011398D18B7B}.Debug|Any CPU.ActiveCfg = Debug|Any CPU
		{56BB0790-3946-48AD-BD4B-011398D18B7B}.Debug|Any CPU.Build.0 = Debug|Any CPU
		{56BB0790-3946-48AD-BD4B-011398D18B7B}.Release|Any CPU.ActiveCfg = Release|Any CPU
		{56BB0790-3946-48AD-BD4B-011398D18B7B}.Release|Any CPU.Build.0 = Release|Any CPU
		{B6548EE7-2F89-4F7F-95A5-1618E5B6019E}.Debug|Any CPU.ActiveCfg = Debug|Any CPU
		{B6548EE7-2F89-4F7F-95A5-1618E5B6019E}.Debug|Any CPU.Build.0 = Debug|Any CPU
		{B6548EE7-2F89-4F7F-95A5-1618E5B6019E}.Release|Any CPU.ActiveCfg = Release|Any CPU
		{B6548EE7-2F89-4F7F-95A5-1618E5B6019E}.Release|Any CPU.Build.0 = Release|Any CPU
	EndGlobalSection
	GlobalSection(SolutionProperties) = preSolution
		HideSolutionNode = FALSE
	EndGlobalSection
	GlobalSection(ExtensibilityGlobals) = postSolution
		SolutionGuid = {50271964-F484-4F1A-91B4-561D56287332}
	EndGlobalSection
EndGlobal
